{
  "pins" : [
    {
      "identity" : "analytics-connector-ios",
      "kind" : "remoteSourceControl",
      "location" : "https://github.com/amplitude/analytics-connector-ios.git",
      "state" : {
        "revision" : "e2ca17ac735bcbc48b13062484541702ef45153d",
        "version" : "1.0.3"
      }
    },
    {
      "identity" : "experiment-ios-client",
      "kind" : "remoteSourceControl",
      "location" : "https://github.com/amplitude/experiment-ios-client",
      "state" : {
        "revision" : "6a94d70915b3756daae2a989fa57f03c19547c67",
        "version" : "1.13.5"
      }
    }
  ],
  "version" : 2
}
