{
  "pins" : [
    {
      "identity" : "analytics-connector-ios",
      "kind" : "remoteSourceControl",
      "location" : "https://github.com/amplitude/analytics-connector-ios.git",
      "state" : {
        "revision" : "2062191f5b02da0e2a0c382070291bf8da66bbc0",
        "version" : "1.2.4"
      }
    }
  ],
  "version" : 2
}
