{
  "originHash" : "05dc9d5826a10a55c9206bcf9a1c8cf2fc2da9497ce6bf904707b8c4690be457",
  "pins" : [
    {
      "identity" : "amplitudecore-swift",
      "kind" : "remoteSourceControl",
      "location" : "https://github.com/amplitude/AmplitudeCore-Swift",
      "state" : {
        "revision" : "1d9b590e202c3e2abb27ccb6b5b5ae62145406f0",
        "version" : "1.2.4"
      }
    },
    {
      "identity" : "analytics-connector-ios",
      "kind" : "remoteSourceControl",
      "location" : "https://github.com/amplitude/analytics-connector-ios",
      "state" : {
        "revision" : "4adbfe85486e6dcdcdca5fa9362097ffe5ec712b",
        "version" : "1.3.1"
      }
    }
  ],
  "version" : 3
}
